
Microsoft Visual Studio Solution File, Format Version 12.00
# Visual Studio 15
Project("{FAE04EC0-301F-11D3-BF4B-00C04F79EFBC}") = "Meta.WitAi.Conduit", "Meta.WitAi.Conduit.csproj", "{D8094446-178B-3A58-045B-6ADA0E57A663}"
EndProject
Project("{FAE04EC0-301F-11D3-BF4B-00C04F79EFBC}") = "Oculus.VR", "Oculus.VR.csproj", "{089B4E4C-E37D-D51E-D362-17EDD5E4ACF7}"
EndProject
Project("{FAE04EC0-301F-11D3-BF4B-00C04F79EFBC}") = "Oculus.Interaction", "Oculus.Interaction.csproj", "{4B193BA7-3983-0761-A454-4289C966F941}"
EndProject
Project("{FAE04EC0-301F-11D3-BF4B-00C04F79EFBC}") = "Oculus.Interaction.Editor", "Oculus.Interaction.Editor.csproj", "{FAD2CCF1-657C-DEF2-28D3-CCF09100FA56}"
EndProject
Project("{FAE04EC0-301F-11D3-BF4B-00C04F79EFBC}") = "Oculus.Platform", "Oculus.Platform.csproj", "{740DE523-24BF-E9D8-842B-F02890E0C05B}"
EndProject
Project("{FAE04EC0-301F-11D3-BF4B-00C04F79EFBC}") = "VoiceSDK.Telemetry", "VoiceSDK.Telemetry.csproj", "{835FD09E-E108-E4F7-E6D4-6C6E484FD529}"
EndProject
Project("{FAE04EC0-301F-11D3-BF4B-00C04F79EFBC}") = "Assembly-CSharp", "Assembly-CSharp.csproj", "{D80016C5-F1A3-8BA1-962B-A0006013979E}"
EndProject
Project("{FAE04EC0-301F-11D3-BF4B-00C04F79EFBC}") = "Oculus.Interaction.OVR.Samples", "Oculus.Interaction.OVR.Samples.csproj", "{9F807E32-F2F3-7DBF-9B24-2A4CEC69C021}"
EndProject
Project("{FAE04EC0-301F-11D3-BF4B-00C04F79EFBC}") = "Meta.WitAi.Lib", "Meta.WitAi.Lib.csproj", "{AAFFDC98-1786-E299-B516-EFD87A35DC73}"
EndProject
Project("{FAE04EC0-301F-11D3-BF4B-00C04F79EFBC}") = "Meta.WitAi.Editor", "Meta.WitAi.Editor.csproj", "{804E2E98-A3FB-F92B-CEF0-3E494EFD81AD}"
EndProject
Project("{FAE04EC0-301F-11D3-BF4B-00C04F79EFBC}") = "Meta.WitAi.Conduit.Editor", "Meta.WitAi.Conduit.Editor.csproj", "{ABCFDF03-1FE2-21F6-0658-6157510CBDB0}"
EndProject
Project("{FAE04EC0-301F-11D3-BF4B-00C04F79EFBC}") = "Meta.WitAi", "Meta.WitAi.csproj", "{4FF5FFDE-49CF-C1F4-4179-9861D26AEC63}"
EndProject
Project("{FAE04EC0-301F-11D3-BF4B-00C04F79EFBC}") = "Oculus.VR.Editor", "Oculus.VR.Editor.csproj", "{E9BFC18B-AA1A-C4D0-B72B-D1E3AD1BD7AB}"
EndProject
Project("{FAE04EC0-301F-11D3-BF4B-00C04F79EFBC}") = "Oculus.Interaction.OVR.Editor", "Oculus.Interaction.OVR.Editor.csproj", "{72A6662A-BF0A-6E58-B0B3-EAEB294CC600}"
EndProject
Project("{FAE04EC0-301F-11D3-BF4B-00C04F79EFBC}") = "Oculus.LipSync", "Oculus.LipSync.csproj", "{B214C289-ACCB-7B61-88F6-B37104EEC18C}"
EndProject
Project("{FAE04EC0-301F-11D3-BF4B-00C04F79EFBC}") = "Oculus.Interaction.OVR", "Oculus.Interaction.OVR.csproj", "{9D3B6A7A-AF23-3296-4316-23ED2CE94295}"
EndProject
Project("{FAE04EC0-301F-11D3-BF4B-00C04F79EFBC}") = "VoiceSDK.Editor", "VoiceSDK.Editor.csproj", "{E92504A0-3C05-D02A-BB5D-345B98CB6ED3}"
EndProject
Project("{FAE04EC0-301F-11D3-BF4B-00C04F79EFBC}") = "Meta.WitAI.Lib.Editor", "Meta.WitAI.Lib.Editor.csproj", "{246068D5-53FD-14EF-70B4-AE75AFB695A3}"
EndProject
Project("{FAE04EC0-301F-11D3-BF4B-00C04F79EFBC}") = "Oculus.AudioManager", "Oculus.AudioManager.csproj", "{5158BB52-95BB-93E2-CF92-27FD0234E500}"
EndProject
Project("{FAE04EC0-301F-11D3-BF4B-00C04F79EFBC}") = "Meta.Voice.Samples.BuiltInTimer", "Meta.Voice.Samples.BuiltInTimer.csproj", "{6B5CD6C4-09E8-C949-6793-DE9E8F85C0C2}"
EndProject
Project("{FAE04EC0-301F-11D3-BF4B-00C04F79EFBC}") = "Meta.XR.BuildingBlocks.Editor", "Meta.XR.BuildingBlocks.Editor.csproj", "{F7363A00-D5D8-D43D-2A73-F0C8648AE057}"
EndProject
Project("{FAE04EC0-301F-11D3-BF4B-00C04F79EFBC}") = "Meta.Voice.VSDKHub.Editor", "Meta.Voice.VSDKHub.Editor.csproj", "{4DAEDFC6-4CC0-E869-FCE8-0EC5F1166E47}"
EndProject
Project("{FAE04EC0-301F-11D3-BF4B-00C04F79EFBC}") = "VoiceSDK.Dictation.Runtime", "VoiceSDK.Dictation.Runtime.csproj", "{47C46BC9-FF8B-B912-2144-DE342B95E69A}"
EndProject
Project("{FAE04EC0-301F-11D3-BF4B-00C04F79EFBC}") = "Meta.WitAi.TTS", "Meta.WitAi.TTS.csproj", "{CD7CEBAD-6625-2201-23F0-622AD3024735}"
EndProject
Project("{FAE04EC0-301F-11D3-BF4B-00C04F79EFBC}") = "AssistantCoreSDKRuntime", "AssistantCoreSDKRuntime.csproj", "{BDE0AB9D-E772-2898-7443-CAF218E408C6}"
EndProject
Project("{FAE04EC0-301F-11D3-BF4B-00C04F79EFBC}") = "Assembly-CSharp-Editor", "Assembly-CSharp-Editor.csproj", "{67935313-007A-A93D-2D17-7CD4C62C510C}"
EndProject
Project("{FAE04EC0-301F-11D3-BF4B-00C04F79EFBC}") = "Meta.Voice.Samples.TTSVoices", "Meta.Voice.Samples.TTSVoices.csproj", "{61137AA9-E76D-E7A4-8BE5-12E00C3899B0}"
EndProject
Project("{FAE04EC0-301F-11D3-BF4B-00C04F79EFBC}") = "VoiceSDK.Runtime", "VoiceSDK.Runtime.csproj", "{CC381B8E-3DF0-48C1-BCEF-54B0F7066F2B}"
EndProject
Project("{FAE04EC0-301F-11D3-BF4B-00C04F79EFBC}") = "Oculus.VR.Scripts.Editor", "Oculus.VR.Scripts.Editor.csproj", "{9DF5F15A-FA69-04EE-D751-64EB1EA87ED2}"
EndProject
Project("{FAE04EC0-301F-11D3-BF4B-00C04F79EFBC}") = "Meta.Voice.Samples.LightTraits", "Meta.Voice.Samples.LightTraits.csproj", "{8DD8D521-97C3-2B65-3A58-DDF5961EE641}"
EndProject
Project("{FAE04EC0-301F-11D3-BF4B-00C04F79EFBC}") = "Meta.Voice.Hub.Editor", "Meta.Voice.Hub.Editor.csproj", "{F4D105C1-E9EA-0841-BAED-45EF7D1E961F}"
EndProject
Project("{FAE04EC0-301F-11D3-BF4B-00C04F79EFBC}") = "Oculus.Interaction.Samples.Editor", "Oculus.Interaction.Samples.Editor.csproj", "{6E283312-9E97-5833-1BD6-17CC06B90FD1}"
EndProject
Project("{FAE04EC0-301F-11D3-BF4B-00C04F79EFBC}") = "Meta.WitAi.TTS.Editor", "Meta.WitAi.TTS.Editor.csproj", "{F51015A8-0010-CC2A-F8D4-10F45D06B009}"
EndProject
Project("{FAE04EC0-301F-11D3-BF4B-00C04F79EFBC}") = "Meta.XR.BuildingBlocks", "Meta.XR.BuildingBlocks.csproj", "{83983225-148A-B8E6-0BE9-879D22E596AD}"
EndProject
Project("{FAE04EC0-301F-11D3-BF4B-00C04F79EFBC}") = "Oculus.Platform.Editor", "Oculus.Platform.Editor.csproj", "{3DC17CEE-C481-EA7B-42F3-65C171C26D6C}"
EndProject
Project("{FAE04EC0-301F-11D3-BF4B-00C04F79EFBC}") = "Facebook.Wit.Dictation", "Facebook.Wit.Dictation.csproj", "{10A453D8-64E3-35B9-8732-6C6295FD33B1}"
EndProject
Project("{FAE04EC0-301F-11D3-BF4B-00C04F79EFBC}") = "Oculus.Spatializer.Editor", "Oculus.Spatializer.Editor.csproj", "{FE9C02A9-59C4-A9A3-8AD8-6BB2B90F21F9}"
EndProject
Project("{FAE04EC0-301F-11D3-BF4B-00C04F79EFBC}") = "Oculus.LipSync.Editor", "Oculus.LipSync.Editor.csproj", "{1D80191D-5613-839E-DF39-7397CCA14926}"
EndProject
Project("{FAE04EC0-301F-11D3-BF4B-00C04F79EFBC}") = "Oculus.AudioManager.Utils.Editor", "Oculus.AudioManager.Utils.Editor.csproj", "{64CB2585-64AC-A794-F18A-0F610D75A940}"
EndProject
Project("{FAE04EC0-301F-11D3-BF4B-00C04F79EFBC}") = "Meta.VoiceSDK.Mic.Common", "Meta.VoiceSDK.Mic.Common.csproj", "{27754CDA-1572-4A14-343F-7F5A4DF4659E}"
EndProject
Project("{FAE04EC0-301F-11D3-BF4B-00C04F79EFBC}") = "Meta.Voice.Samples.ShapesConduit", "Meta.Voice.Samples.ShapesConduit.csproj", "{782C2447-F3F3-11A4-97F5-87D5CE76301C}"
EndProject
Project("{FAE04EC0-301F-11D3-BF4B-00C04F79EFBC}") = "Oculus.Spatializer", "Oculus.Spatializer.csproj", "{26DCE2A3-50EF-10AE-A461-493540FB4ED5}"
EndProject
Project("{FAE04EC0-301F-11D3-BF4B-00C04F79EFBC}") = "Meta.VoiceSDK.Mic.Other", "Meta.VoiceSDK.Mic.Other.csproj", "{CCC76CC5-9717-2D41-9D52-35B52A02E6CD}"
EndProject
Project("{FAE04EC0-301F-11D3-BF4B-00C04F79EFBC}") = "Oculus.Interaction.InterfaceSupport", "Oculus.Interaction.InterfaceSupport.csproj", "{83500C3D-37F0-AE5E-F1AE-008A331214CB}"
EndProject
Project("{FAE04EC0-301F-11D3-BF4B-00C04F79EFBC}") = "Oculus.AudioManager.Audio.Editor", "Oculus.AudioManager.Audio.Editor.csproj", "{AB19FEAD-8B11-C7A7-025A-ADFE78C5998E}"
EndProject
Project("{FAE04EC0-301F-11D3-BF4B-00C04F79EFBC}") = "Meta.Voice.Samples.LiveUnderstanding", "Meta.Voice.Samples.LiveUnderstanding.csproj", "{07BC488E-3362-8E06-9347-0486609EC061}"
EndProject
Project("{FAE04EC0-301F-11D3-BF4B-00C04F79EFBC}") = "VoiceSDK.Dictation.Editor", "VoiceSDK.Dictation.Editor.csproj", "{22E892E0-AD33-78A5-A120-9CFE706E8F7E}"
EndProject
Project("{FAE04EC0-301F-11D3-BF4B-00C04F79EFBC}") = "AssistantCoreSDKEditor", "AssistantCoreSDKEditor.csproj", "{1883D47E-CCE8-92CB-1558-32EE96633D13}"
EndProject
Project("{FAE04EC0-301F-11D3-BF4B-00C04F79EFBC}") = "Meta.VoiceSDK.Mic.WebGL", "Meta.VoiceSDK.Mic.WebGL.csproj", "{7BE17E23-30A0-4A40-C9D1-119DEEDD5EB2}"
EndProject
Project("{FAE04EC0-301F-11D3-BF4B-00C04F79EFBC}") = "Meta.Voice.Hub.Runtime", "Meta.Voice.Hub.Runtime.csproj", "{784897D5-A761-F538-5D3D-50E2C8248080}"
EndProject
Project("{FAE04EC0-301F-11D3-BF4B-00C04F79EFBC}") = "Meta.Voice.Samples.Chess", "Meta.Voice.Samples.Chess.csproj", "{7E1918EC-8A5E-A7C2-88F1-2C3F4E07E514}"
EndProject
Project("{FAE04EC0-301F-11D3-BF4B-00C04F79EFBC}") = "Meta.Voice.Samples.Dictation", "Meta.Voice.Samples.Dictation.csproj", "{186DC264-8598-BA9E-FB2C-E78ABCFBD1EA}"
EndProject
Project("{FAE04EC0-301F-11D3-BF4B-00C04F79EFBC}") = "Meta.Voice.Samples.Shapes", "Meta.Voice.Samples.Shapes.csproj", "{1A8F7D5F-E1DC-431B-0B84-AC5CDB1884E3}"
EndProject
Project("{FAE04EC0-301F-11D3-BF4B-00C04F79EFBC}") = "Facebook.Wit.Dictation.Editor", "Facebook.Wit.Dictation.Editor.csproj", "{056F9469-8F97-E328-484E-D8278FDC4F59}"
EndProject
Global
	GlobalSection(SolutionConfigurationPlatforms) = preSolution
		Debug|Any CPU = Debug|Any CPU
		Release|Any CPU = Release|Any CPU
	EndGlobalSection
	GlobalSection(ProjectConfigurationPlatforms) = postSolution
		{D8094446-178B-3A58-045B-6ADA0E57A663}.Debug|Any CPU.ActiveCfg = Debug|Any CPU
		{D8094446-178B-3A58-045B-6ADA0E57A663}.Debug|Any CPU.Build.0 = Debug|Any CPU
		{D8094446-178B-3A58-045B-6ADA0E57A663}.Release|Any CPU.ActiveCfg = Release|Any CPU
		{D8094446-178B-3A58-045B-6ADA0E57A663}.Release|Any CPU.Build.0 = Release|Any CPU
		{089B4E4C-E37D-D51E-D362-17EDD5E4ACF7}.Debug|Any CPU.ActiveCfg = Debug|Any CPU
		{089B4E4C-E37D-D51E-D362-17EDD5E4ACF7}.Debug|Any CPU.Build.0 = Debug|Any CPU
		{089B4E4C-E37D-D51E-D362-17EDD5E4ACF7}.Release|Any CPU.ActiveCfg = Release|Any CPU
		{089B4E4C-E37D-D51E-D362-17EDD5E4ACF7}.Release|Any CPU.Build.0 = Release|Any CPU
		{4B193BA7-3983-0761-A454-4289C966F941}.Debug|Any CPU.ActiveCfg = Debug|Any CPU
		{4B193BA7-3983-0761-A454-4289C966F941}.Debug|Any CPU.Build.0 = Debug|Any CPU
		{4B193BA7-3983-0761-A454-4289C966F941}.Release|Any CPU.ActiveCfg = Release|Any CPU
		{4B193BA7-3983-0761-A454-4289C966F941}.Release|Any CPU.Build.0 = Release|Any CPU
		{FAD2CCF1-657C-DEF2-28D3-CCF09100FA56}.Debug|Any CPU.ActiveCfg = Debug|Any CPU
		{FAD2CCF1-657C-DEF2-28D3-CCF09100FA56}.Debug|Any CPU.Build.0 = Debug|Any CPU
		{FAD2CCF1-657C-DEF2-28D3-CCF09100FA56}.Release|Any CPU.ActiveCfg = Release|Any CPU
		{FAD2CCF1-657C-DEF2-28D3-CCF09100FA56}.Release|Any CPU.Build.0 = Release|Any CPU
		{740DE523-24BF-E9D8-842B-F02890E0C05B}.Debug|Any CPU.ActiveCfg = Debug|Any CPU
		{740DE523-24BF-E9D8-842B-F02890E0C05B}.Debug|Any CPU.Build.0 = Debug|Any CPU
		{740DE523-24BF-E9D8-842B-F02890E0C05B}.Release|Any CPU.ActiveCfg = Release|Any CPU
		{740DE523-24BF-E9D8-842B-F02890E0C05B}.Release|Any CPU.Build.0 = Release|Any CPU
		{835FD09E-E108-E4F7-E6D4-6C6E484FD529}.Debug|Any CPU.ActiveCfg = Debug|Any CPU
		{835FD09E-E108-E4F7-E6D4-6C6E484FD529}.Debug|Any CPU.Build.0 = Debug|Any CPU
		{835FD09E-E108-E4F7-E6D4-6C6E484FD529}.Release|Any CPU.ActiveCfg = Release|Any CPU
		{835FD09E-E108-E4F7-E6D4-6C6E484FD529}.Release|Any CPU.Build.0 = Release|Any CPU
		{D80016C5-F1A3-8BA1-962B-A0006013979E}.Debug|Any CPU.ActiveCfg = Debug|Any CPU
		{D80016C5-F1A3-8BA1-962B-A0006013979E}.Debug|Any CPU.Build.0 = Debug|Any CPU
		{D80016C5-F1A3-8BA1-962B-A0006013979E}.Release|Any CPU.ActiveCfg = Release|Any CPU
		{D80016C5-F1A3-8BA1-962B-A0006013979E}.Release|Any CPU.Build.0 = Release|Any CPU
		{9F807E32-F2F3-7DBF-9B24-2A4CEC69C021}.Debug|Any CPU.ActiveCfg = Debug|Any CPU
		{9F807E32-F2F3-7DBF-9B24-2A4CEC69C021}.Debug|Any CPU.Build.0 = Debug|Any CPU
		{9F807E32-F2F3-7DBF-9B24-2A4CEC69C021}.Release|Any CPU.ActiveCfg = Release|Any CPU
		{9F807E32-F2F3-7DBF-9B24-2A4CEC69C021}.Release|Any CPU.Build.0 = Release|Any CPU
		{AAFFDC98-1786-E299-B516-EFD87A35DC73}.Debug|Any CPU.ActiveCfg = Debug|Any CPU
		{AAFFDC98-1786-E299-B516-EFD87A35DC73}.Debug|Any CPU.Build.0 = Debug|Any CPU
		{AAFFDC98-1786-E299-B516-EFD87A35DC73}.Release|Any CPU.ActiveCfg = Release|Any CPU
		{AAFFDC98-1786-E299-B516-EFD87A35DC73}.Release|Any CPU.Build.0 = Release|Any CPU
		{804E2E98-A3FB-F92B-CEF0-3E494EFD81AD}.Debug|Any CPU.ActiveCfg = Debug|Any CPU
		{804E2E98-A3FB-F92B-CEF0-3E494EFD81AD}.Debug|Any CPU.Build.0 = Debug|Any CPU
		{804E2E98-A3FB-F92B-CEF0-3E494EFD81AD}.Release|Any CPU.ActiveCfg = Release|Any CPU
		{804E2E98-A3FB-F92B-CEF0-3E494EFD81AD}.Release|Any CPU.Build.0 = Release|Any CPU
		{ABCFDF03-1FE2-21F6-0658-6157510CBDB0}.Debug|Any CPU.ActiveCfg = Debug|Any CPU
		{ABCFDF03-1FE2-21F6-0658-6157510CBDB0}.Debug|Any CPU.Build.0 = Debug|Any CPU
		{ABCFDF03-1FE2-21F6-0658-6157510CBDB0}.Release|Any CPU.ActiveCfg = Release|Any CPU
		{ABCFDF03-1FE2-21F6-0658-6157510CBDB0}.Release|Any CPU.Build.0 = Release|Any CPU
		{4FF5FFDE-49CF-C1F4-4179-9861D26AEC63}.Debug|Any CPU.ActiveCfg = Debug|Any CPU
		{4FF5FFDE-49CF-C1F4-4179-9861D26AEC63}.Debug|Any CPU.Build.0 = Debug|Any CPU
		{4FF5FFDE-49CF-C1F4-4179-9861D26AEC63}.Release|Any CPU.ActiveCfg = Release|Any CPU
		{4FF5FFDE-49CF-C1F4-4179-9861D26AEC63}.Release|Any CPU.Build.0 = Release|Any CPU
		{E9BFC18B-AA1A-C4D0-B72B-D1E3AD1BD7AB}.Debug|Any CPU.ActiveCfg = Debug|Any CPU
		{E9BFC18B-AA1A-C4D0-B72B-D1E3AD1BD7AB}.Debug|Any CPU.Build.0 = Debug|Any CPU
		{E9BFC18B-AA1A-C4D0-B72B-D1E3AD1BD7AB}.Release|Any CPU.ActiveCfg = Release|Any CPU
		{E9BFC18B-AA1A-C4D0-B72B-D1E3AD1BD7AB}.Release|Any CPU.Build.0 = Release|Any CPU
		{72A6662A-BF0A-6E58-B0B3-EAEB294CC600}.Debug|Any CPU.ActiveCfg = Debug|Any CPU
		{72A6662A-BF0A-6E58-B0B3-EAEB294CC600}.Debug|Any CPU.Build.0 = Debug|Any CPU
		{72A6662A-BF0A-6E58-B0B3-EAEB294CC600}.Release|Any CPU.ActiveCfg = Release|Any CPU
		{72A6662A-BF0A-6E58-B0B3-EAEB294CC600}.Release|Any CPU.Build.0 = Release|Any CPU
		{B214C289-ACCB-7B61-88F6-B37104EEC18C}.Debug|Any CPU.ActiveCfg = Debug|Any CPU
		{B214C289-ACCB-7B61-88F6-B37104EEC18C}.Debug|Any CPU.Build.0 = Debug|Any CPU
		{B214C289-ACCB-7B61-88F6-B37104EEC18C}.Release|Any CPU.ActiveCfg = Release|Any CPU
		{B214C289-ACCB-7B61-88F6-B37104EEC18C}.Release|Any CPU.Build.0 = Release|Any CPU
		{9D3B6A7A-AF23-3296-4316-23ED2CE94295}.Debug|Any CPU.ActiveCfg = Debug|Any CPU
		{9D3B6A7A-AF23-3296-4316-23ED2CE94295}.Debug|Any CPU.Build.0 = Debug|Any CPU
		{9D3B6A7A-AF23-3296-4316-23ED2CE94295}.Release|Any CPU.ActiveCfg = Release|Any CPU
		{9D3B6A7A-AF23-3296-4316-23ED2CE94295}.Release|Any CPU.Build.0 = Release|Any CPU
		{E92504A0-3C05-D02A-BB5D-345B98CB6ED3}.Debug|Any CPU.ActiveCfg = Debug|Any CPU
		{E92504A0-3C05-D02A-BB5D-345B98CB6ED3}.Debug|Any CPU.Build.0 = Debug|Any CPU
		{E92504A0-3C05-D02A-BB5D-345B98CB6ED3}.Release|Any CPU.ActiveCfg = Release|Any CPU
		{E92504A0-3C05-D02A-BB5D-345B98CB6ED3}.Release|Any CPU.Build.0 = Release|Any CPU
		{246068D5-53FD-14EF-70B4-AE75AFB695A3}.Debug|Any CPU.ActiveCfg = Debug|Any CPU
		{246068D5-53FD-14EF-70B4-AE75AFB695A3}.Debug|Any CPU.Build.0 = Debug|Any CPU
		{246068D5-53FD-14EF-70B4-AE75AFB695A3}.Release|Any CPU.ActiveCfg = Release|Any CPU
		{246068D5-53FD-14EF-70B4-AE75AFB695A3}.Release|Any CPU.Build.0 = Release|Any CPU
		{5158BB52-95BB-93E2-CF92-27FD0234E500}.Debug|Any CPU.ActiveCfg = Debug|Any CPU
		{5158BB52-95BB-93E2-CF92-27FD0234E500}.Debug|Any CPU.Build.0 = Debug|Any CPU
		{5158BB52-95BB-93E2-CF92-27FD0234E500}.Release|Any CPU.ActiveCfg = Release|Any CPU
		{5158BB52-95BB-93E2-CF92-27FD0234E500}.Release|Any CPU.Build.0 = Release|Any CPU
		{6B5CD6C4-09E8-C949-6793-DE9E8F85C0C2}.Debug|Any CPU.ActiveCfg = Debug|Any CPU
		{6B5CD6C4-09E8-C949-6793-DE9E8F85C0C2}.Debug|Any CPU.Build.0 = Debug|Any CPU
		{6B5CD6C4-09E8-C949-6793-DE9E8F85C0C2}.Release|Any CPU.ActiveCfg = Release|Any CPU
		{6B5CD6C4-09E8-C949-6793-DE9E8F85C0C2}.Release|Any CPU.Build.0 = Release|Any CPU
		{F7363A00-D5D8-D43D-2A73-F0C8648AE057}.Debug|Any CPU.ActiveCfg = Debug|Any CPU
		{F7363A00-D5D8-D43D-2A73-F0C8648AE057}.Debug|Any CPU.Build.0 = Debug|Any CPU
		{F7363A00-D5D8-D43D-2A73-F0C8648AE057}.Release|Any CPU.ActiveCfg = Release|Any CPU
		{F7363A00-D5D8-D43D-2A73-F0C8648AE057}.Release|Any CPU.Build.0 = Release|Any CPU
		{4DAEDFC6-4CC0-E869-FCE8-0EC5F1166E47}.Debug|Any CPU.ActiveCfg = Debug|Any CPU
		{4DAEDFC6-4CC0-E869-FCE8-0EC5F1166E47}.Debug|Any CPU.Build.0 = Debug|Any CPU
		{4DAEDFC6-4CC0-E869-FCE8-0EC5F1166E47}.Release|Any CPU.ActiveCfg = Release|Any CPU
		{4DAEDFC6-4CC0-E869-FCE8-0EC5F1166E47}.Release|Any CPU.Build.0 = Release|Any CPU
		{47C46BC9-FF8B-B912-2144-DE342B95E69A}.Debug|Any CPU.ActiveCfg = Debug|Any CPU
		{47C46BC9-FF8B-B912-2144-DE342B95E69A}.Debug|Any CPU.Build.0 = Debug|Any CPU
		{47C46BC9-FF8B-B912-2144-DE342B95E69A}.Release|Any CPU.ActiveCfg = Release|Any CPU
		{47C46BC9-FF8B-B912-2144-DE342B95E69A}.Release|Any CPU.Build.0 = Release|Any CPU
		{CD7CEBAD-6625-2201-23F0-622AD3024735}.Debug|Any CPU.ActiveCfg = Debug|Any CPU
		{CD7CEBAD-6625-2201-23F0-622AD3024735}.Debug|Any CPU.Build.0 = Debug|Any CPU
		{CD7CEBAD-6625-2201-23F0-622AD3024735}.Release|Any CPU.ActiveCfg = Release|Any CPU
		{CD7CEBAD-6625-2201-23F0-622AD3024735}.Release|Any CPU.Build.0 = Release|Any CPU
		{BDE0AB9D-E772-2898-7443-CAF218E408C6}.Debug|Any CPU.ActiveCfg = Debug|Any CPU
		{BDE0AB9D-E772-2898-7443-CAF218E408C6}.Debug|Any CPU.Build.0 = Debug|Any CPU
		{BDE0AB9D-E772-2898-7443-CAF218E408C6}.Release|Any CPU.ActiveCfg = Release|Any CPU
		{BDE0AB9D-E772-2898-7443-CAF218E408C6}.Release|Any CPU.Build.0 = Release|Any CPU
		{67935313-007A-A93D-2D17-7CD4C62C510C}.Debug|Any CPU.ActiveCfg = Debug|Any CPU
		{67935313-007A-A93D-2D17-7CD4C62C510C}.Debug|Any CPU.Build.0 = Debug|Any CPU
		{67935313-007A-A93D-2D17-7CD4C62C510C}.Release|Any CPU.ActiveCfg = Release|Any CPU
		{67935313-007A-A93D-2D17-7CD4C62C510C}.Release|Any CPU.Build.0 = Release|Any CPU
		{61137AA9-E76D-E7A4-8BE5-12E00C3899B0}.Debug|Any CPU.ActiveCfg = Debug|Any CPU
		{61137AA9-E76D-E7A4-8BE5-12E00C3899B0}.Debug|Any CPU.Build.0 = Debug|Any CPU
		{61137AA9-E76D-E7A4-8BE5-12E00C3899B0}.Release|Any CPU.ActiveCfg = Release|Any CPU
		{61137AA9-E76D-E7A4-8BE5-12E00C3899B0}.Release|Any CPU.Build.0 = Release|Any CPU
		{CC381B8E-3DF0-48C1-BCEF-54B0F7066F2B}.Debug|Any CPU.ActiveCfg = Debug|Any CPU
		{CC381B8E-3DF0-48C1-BCEF-54B0F7066F2B}.Debug|Any CPU.Build.0 = Debug|Any CPU
		{CC381B8E-3DF0-48C1-BCEF-54B0F7066F2B}.Release|Any CPU.ActiveCfg = Release|Any CPU
		{CC381B8E-3DF0-48C1-BCEF-54B0F7066F2B}.Release|Any CPU.Build.0 = Release|Any CPU
		{9DF5F15A-FA69-04EE-D751-64EB1EA87ED2}.Debug|Any CPU.ActiveCfg = Debug|Any CPU
		{9DF5F15A-FA69-04EE-D751-64EB1EA87ED2}.Debug|Any CPU.Build.0 = Debug|Any CPU
		{9DF5F15A-FA69-04EE-D751-64EB1EA87ED2}.Release|Any CPU.ActiveCfg = Release|Any CPU
		{9DF5F15A-FA69-04EE-D751-64EB1EA87ED2}.Release|Any CPU.Build.0 = Release|Any CPU
		{8DD8D521-97C3-2B65-3A58-DDF5961EE641}.Debug|Any CPU.ActiveCfg = Debug|Any CPU
		{8DD8D521-97C3-2B65-3A58-DDF5961EE641}.Debug|Any CPU.Build.0 = Debug|Any CPU
		{8DD8D521-97C3-2B65-3A58-DDF5961EE641}.Release|Any CPU.ActiveCfg = Release|Any CPU
		{8DD8D521-97C3-2B65-3A58-DDF5961EE641}.Release|Any CPU.Build.0 = Release|Any CPU
		{F4D105C1-E9EA-0841-BAED-45EF7D1E961F}.Debug|Any CPU.ActiveCfg = Debug|Any CPU
		{F4D105C1-E9EA-0841-BAED-45EF7D1E961F}.Debug|Any CPU.Build.0 = Debug|Any CPU
		{F4D105C1-E9EA-0841-BAED-45EF7D1E961F}.Release|Any CPU.ActiveCfg = Release|Any CPU
		{F4D105C1-E9EA-0841-BAED-45EF7D1E961F}.Release|Any CPU.Build.0 = Release|Any CPU
		{6E283312-9E97-5833-1BD6-17CC06B90FD1}.Debug|Any CPU.ActiveCfg = Debug|Any CPU
		{6E283312-9E97-5833-1BD6-17CC06B90FD1}.Debug|Any CPU.Build.0 = Debug|Any CPU
		{6E283312-9E97-5833-1BD6-17CC06B90FD1}.Release|Any CPU.ActiveCfg = Release|Any CPU
		{6E283312-9E97-5833-1BD6-17CC06B90FD1}.Release|Any CPU.Build.0 = Release|Any CPU
		{F51015A8-0010-CC2A-F8D4-10F45D06B009}.Debug|Any CPU.ActiveCfg = Debug|Any CPU
		{F51015A8-0010-CC2A-F8D4-10F45D06B009}.Debug|Any CPU.Build.0 = Debug|Any CPU
		{F51015A8-0010-CC2A-F8D4-10F45D06B009}.Release|Any CPU.ActiveCfg = Release|Any CPU
		{F51015A8-0010-CC2A-F8D4-10F45D06B009}.Release|Any CPU.Build.0 = Release|Any CPU
		{83983225-148A-B8E6-0BE9-879D22E596AD}.Debug|Any CPU.ActiveCfg = Debug|Any CPU
		{83983225-148A-B8E6-0BE9-879D22E596AD}.Debug|Any CPU.Build.0 = Debug|Any CPU
		{83983225-148A-B8E6-0BE9-879D22E596AD}.Release|Any CPU.ActiveCfg = Release|Any CPU
		{83983225-148A-B8E6-0BE9-879D22E596AD}.Release|Any CPU.Build.0 = Release|Any CPU
		{3DC17CEE-C481-EA7B-42F3-65C171C26D6C}.Debug|Any CPU.ActiveCfg = Debug|Any CPU
		{3DC17CEE-C481-EA7B-42F3-65C171C26D6C}.Debug|Any CPU.Build.0 = Debug|Any CPU
		{3DC17CEE-C481-EA7B-42F3-65C171C26D6C}.Release|Any CPU.ActiveCfg = Release|Any CPU
		{3DC17CEE-C481-EA7B-42F3-65C171C26D6C}.Release|Any CPU.Build.0 = Release|Any CPU
		{10A453D8-64E3-35B9-8732-6C6295FD33B1}.Debug|Any CPU.ActiveCfg = Debug|Any CPU
		{10A453D8-64E3-35B9-8732-6C6295FD33B1}.Debug|Any CPU.Build.0 = Debug|Any CPU
		{10A453D8-64E3-35B9-8732-6C6295FD33B1}.Release|Any CPU.ActiveCfg = Release|Any CPU
		{10A453D8-64E3-35B9-8732-6C6295FD33B1}.Release|Any CPU.Build.0 = Release|Any CPU
		{FE9C02A9-59C4-A9A3-8AD8-6BB2B90F21F9}.Debug|Any CPU.ActiveCfg = Debug|Any CPU
		{FE9C02A9-59C4-A9A3-8AD8-6BB2B90F21F9}.Debug|Any CPU.Build.0 = Debug|Any CPU
		{FE9C02A9-59C4-A9A3-8AD8-6BB2B90F21F9}.Release|Any CPU.ActiveCfg = Release|Any CPU
		{FE9C02A9-59C4-A9A3-8AD8-6BB2B90F21F9}.Release|Any CPU.Build.0 = Release|Any CPU
		{1D80191D-5613-839E-DF39-7397CCA14926}.Debug|Any CPU.ActiveCfg = Debug|Any CPU
		{1D80191D-5613-839E-DF39-7397CCA14926}.Debug|Any CPU.Build.0 = Debug|Any CPU
		{1D80191D-5613-839E-DF39-7397CCA14926}.Release|Any CPU.ActiveCfg = Release|Any CPU
		{1D80191D-5613-839E-DF39-7397CCA14926}.Release|Any CPU.Build.0 = Release|Any CPU
		{64CB2585-64AC-A794-F18A-0F610D75A940}.Debug|Any CPU.ActiveCfg = Debug|Any CPU
		{64CB2585-64AC-A794-F18A-0F610D75A940}.Debug|Any CPU.Build.0 = Debug|Any CPU
		{64CB2585-64AC-A794-F18A-0F610D75A940}.Release|Any CPU.ActiveCfg = Release|Any CPU
		{64CB2585-64AC-A794-F18A-0F610D75A940}.Release|Any CPU.Build.0 = Release|Any CPU
		{27754CDA-1572-4A14-343F-7F5A4DF4659E}.Debug|Any CPU.ActiveCfg = Debug|Any CPU
		{27754CDA-1572-4A14-343F-7F5A4DF4659E}.Debug|Any CPU.Build.0 = Debug|Any CPU
		{27754CDA-1572-4A14-343F-7F5A4DF4659E}.Release|Any CPU.ActiveCfg = Release|Any CPU
		{27754CDA-1572-4A14-343F-7F5A4DF4659E}.Release|Any CPU.Build.0 = Release|Any CPU
		{782C2447-F3F3-11A4-97F5-87D5CE76301C}.Debug|Any CPU.ActiveCfg = Debug|Any CPU
		{782C2447-F3F3-11A4-97F5-87D5CE76301C}.Debug|Any CPU.Build.0 = Debug|Any CPU
		{782C2447-F3F3-11A4-97F5-87D5CE76301C}.Release|Any CPU.ActiveCfg = Release|Any CPU
		{782C2447-F3F3-11A4-97F5-87D5CE76301C}.Release|Any CPU.Build.0 = Release|Any CPU
		{26DCE2A3-50EF-10AE-A461-493540FB4ED5}.Debug|Any CPU.ActiveCfg = Debug|Any CPU
		{26DCE2A3-50EF-10AE-A461-493540FB4ED5}.Debug|Any CPU.Build.0 = Debug|Any CPU
		{26DCE2A3-50EF-10AE-A461-493540FB4ED5}.Release|Any CPU.ActiveCfg = Release|Any CPU
		{26DCE2A3-50EF-10AE-A461-493540FB4ED5}.Release|Any CPU.Build.0 = Release|Any CPU
		{CCC76CC5-9717-2D41-9D52-35B52A02E6CD}.Debug|Any CPU.ActiveCfg = Debug|Any CPU
		{CCC76CC5-9717-2D41-9D52-35B52A02E6CD}.Debug|Any CPU.Build.0 = Debug|Any CPU
		{CCC76CC5-9717-2D41-9D52-35B52A02E6CD}.Release|Any CPU.ActiveCfg = Release|Any CPU
		{CCC76CC5-9717-2D41-9D52-35B52A02E6CD}.Release|Any CPU.Build.0 = Release|Any CPU
		{83500C3D-37F0-AE5E-F1AE-008A331214CB}.Debug|Any CPU.ActiveCfg = Debug|Any CPU
		{83500C3D-37F0-AE5E-F1AE-008A331214CB}.Debug|Any CPU.Build.0 = Debug|Any CPU
		{83500C3D-37F0-AE5E-F1AE-008A331214CB}.Release|Any CPU.ActiveCfg = Release|Any CPU
		{83500C3D-37F0-AE5E-F1AE-008A331214CB}.Release|Any CPU.Build.0 = Release|Any CPU
		{AB19FEAD-8B11-C7A7-025A-ADFE78C5998E}.Debug|Any CPU.ActiveCfg = Debug|Any CPU
		{AB19FEAD-8B11-C7A7-025A-ADFE78C5998E}.Debug|Any CPU.Build.0 = Debug|Any CPU
		{AB19FEAD-8B11-C7A7-025A-ADFE78C5998E}.Release|Any CPU.ActiveCfg = Release|Any CPU
		{AB19FEAD-8B11-C7A7-025A-ADFE78C5998E}.Release|Any CPU.Build.0 = Release|Any CPU
		{07BC488E-3362-8E06-9347-0486609EC061}.Debug|Any CPU.ActiveCfg = Debug|Any CPU
		{07BC488E-3362-8E06-9347-0486609EC061}.Debug|Any CPU.Build.0 = Debug|Any CPU
		{07BC488E-3362-8E06-9347-0486609EC061}.Release|Any CPU.ActiveCfg = Release|Any CPU
		{07BC488E-3362-8E06-9347-0486609EC061}.Release|Any CPU.Build.0 = Release|Any CPU
		{22E892E0-AD33-78A5-A120-9CFE706E8F7E}.Debug|Any CPU.ActiveCfg = Debug|Any CPU
		{22E892E0-AD33-78A5-A120-9CFE706E8F7E}.Debug|Any CPU.Build.0 = Debug|Any CPU
		{22E892E0-AD33-78A5-A120-9CFE706E8F7E}.Release|Any CPU.ActiveCfg = Release|Any CPU
		{22E892E0-AD33-78A5-A120-9CFE706E8F7E}.Release|Any CPU.Build.0 = Release|Any CPU
		{1883D47E-CCE8-92CB-1558-32EE96633D13}.Debug|Any CPU.ActiveCfg = Debug|Any CPU
		{1883D47E-CCE8-92CB-1558-32EE96633D13}.Debug|Any CPU.Build.0 = Debug|Any CPU
		{1883D47E-CCE8-92CB-1558-32EE96633D13}.Release|Any CPU.ActiveCfg = Release|Any CPU
		{1883D47E-CCE8-92CB-1558-32EE96633D13}.Release|Any CPU.Build.0 = Release|Any CPU
		{7BE17E23-30A0-4A40-C9D1-119DEEDD5EB2}.Debug|Any CPU.ActiveCfg = Debug|Any CPU
		{7BE17E23-30A0-4A40-C9D1-119DEEDD5EB2}.Debug|Any CPU.Build.0 = Debug|Any CPU
		{7BE17E23-30A0-4A40-C9D1-119DEEDD5EB2}.Release|Any CPU.ActiveCfg = Release|Any CPU
		{7BE17E23-30A0-4A40-C9D1-119DEEDD5EB2}.Release|Any CPU.Build.0 = Release|Any CPU
		{784897D5-A761-F538-5D3D-50E2C8248080}.Debug|Any CPU.ActiveCfg = Debug|Any CPU
		{784897D5-A761-F538-5D3D-50E2C8248080}.Debug|Any CPU.Build.0 = Debug|Any CPU
		{784897D5-A761-F538-5D3D-50E2C8248080}.Release|Any CPU.ActiveCfg = Release|Any CPU
		{784897D5-A761-F538-5D3D-50E2C8248080}.Release|Any CPU.Build.0 = Release|Any CPU
		{7E1918EC-8A5E-A7C2-88F1-2C3F4E07E514}.Debug|Any CPU.ActiveCfg = Debug|Any CPU
		{7E1918EC-8A5E-A7C2-88F1-2C3F4E07E514}.Debug|Any CPU.Build.0 = Debug|Any CPU
		{7E1918EC-8A5E-A7C2-88F1-2C3F4E07E514}.Release|Any CPU.ActiveCfg = Release|Any CPU
		{7E1918EC-8A5E-A7C2-88F1-2C3F4E07E514}.Release|Any CPU.Build.0 = Release|Any CPU
		{186DC264-8598-BA9E-FB2C-E78ABCFBD1EA}.Debug|Any CPU.ActiveCfg = Debug|Any CPU
		{186DC264-8598-BA9E-FB2C-E78ABCFBD1EA}.Debug|Any CPU.Build.0 = Debug|Any CPU
		{186DC264-8598-BA9E-FB2C-E78ABCFBD1EA}.Release|Any CPU.ActiveCfg = Release|Any CPU
		{186DC264-8598-BA9E-FB2C-E78ABCFBD1EA}.Release|Any CPU.Build.0 = Release|Any CPU
		{1A8F7D5F-E1DC-431B-0B84-AC5CDB1884E3}.Debug|Any CPU.ActiveCfg = Debug|Any CPU
		{1A8F7D5F-E1DC-431B-0B84-AC5CDB1884E3}.Debug|Any CPU.Build.0 = Debug|Any CPU
		{1A8F7D5F-E1DC-431B-0B84-AC5CDB1884E3}.Release|Any CPU.ActiveCfg = Release|Any CPU
		{1A8F7D5F-E1DC-431B-0B84-AC5CDB1884E3}.Release|Any CPU.Build.0 = Release|Any CPU
		{056F9469-8F97-E328-484E-D8278FDC4F59}.Debug|Any CPU.ActiveCfg = Debug|Any CPU
		{056F9469-8F97-E328-484E-D8278FDC4F59}.Debug|Any CPU.Build.0 = Debug|Any CPU
		{056F9469-8F97-E328-484E-D8278FDC4F59}.Release|Any CPU.ActiveCfg = Release|Any CPU
		{056F9469-8F97-E328-484E-D8278FDC4F59}.Release|Any CPU.Build.0 = Release|Any CPU
	EndGlobalSection
	GlobalSection(SolutionProperties) = preSolution
		HideSolutionNode = FALSE
	EndGlobalSection
EndGlobal
